{
  "name": "emotionalgif",
  "version": "1.0.0",
  "lockfileVersion": 2,
  "requires": true,
  "packages": {
    "": {
      "version": "1.0.0",
      "license": "ISC",
      "dependencies": {
        "parse-multipart": "^1.0.4"
      }
    },
    "node_modules/parse-multipart": {
      "version": "1.0.4",
      "resolved": "https://registry.npmjs.org/parse-multipart/-/parse-multipart-1.0.4.tgz",
      "integrity": "sha1-dnuHiLJIe4e4OhlhXNa6eKjRRJI="
    }
  },
  "dependencies": {
    "parse-multipart": {
      "version": "1.0.4",
      "resolved": "https://registry.npmjs.org/parse-multipart/-/parse-multipart-1.0.4.tgz",
      "integrity": "sha1-dnuHiLJIe4e4OhlhXNa6eKjRRJI="
    }
  }
}
