{
  "name": "twocatz",
  "version": "1.0.0",
  "lockfileVersion": 2,
  "requires": true,
  "packages": {
    "": {
      "version": "1.0.0",
      "license": "ISC",
      "dependencies": {
        "morse-code-converter": "^1.0.2",
        "node-fetch": "^2.6.1"
      },
      "devDependencies": {}
    },
    "node_modules/morse-code-converter": {
      "version": "1.0.2",
      "resolved": "https://registry.npmjs.org/morse-code-converter/-/morse-code-converter-1.0.2.tgz",
      "integrity": "sha512-QF2Yqjbr2tly86cHexW9Vn1YjK5GcxJGCaSLNHUaMmmCcdUuWfJ5b+eiE0xPRd11bAL08igayqrW4OK81Sb3aw=="
    },
    "node_modules/node-fetch": {
      "version": "2.6.1",
      "resolved": "https://registry.npmjs.org/node-fetch/-/node-fetch-2.6.1.tgz",
      "integrity": "sha512-V4aYg89jEoVRxRb2fJdAg8FHvI7cEyYdVAh94HH0UIK8oJxUfkjlDQN9RbMx+bEjP7+ggMiFRprSti032Oipxw==",
      "engines": {
        "node": "4.x || >=6.0.0"
      }
    }
  },
  "dependencies": {
    "morse-code-converter": {
      "version": "1.0.2",
      "resolved": "https://registry.npmjs.org/morse-code-converter/-/morse-code-converter-1.0.2.tgz",
      "integrity": "sha512-QF2Yqjbr2tly86cHexW9Vn1YjK5GcxJGCaSLNHUaMmmCcdUuWfJ5b+eiE0xPRd11bAL08igayqrW4OK81Sb3aw=="
    },
    "node-fetch": {
      "version": "2.6.1",
      "resolved": "https://registry.npmjs.org/node-fetch/-/node-fetch-2.6.1.tgz",
      "integrity": "sha512-V4aYg89jEoVRxRb2fJdAg8FHvI7cEyYdVAh94HH0UIK8oJxUfkjlDQN9RbMx+bEjP7+ggMiFRprSti032Oipxw=="
    }
  }
}
